
Microsoft Visual Studio Solution File, Format Version 11.00
# Visual Studio 2010
Project("{FAE04EC0-301F-11D3-BF4B-00C04F79EFBC}") = "Assembly-CSharp-Editor", "Assembly-CSharp-Editor.csproj", "{34c7309d-9168-12fa-7f1a-101d76f1a1d0}"
EndProject
Project("{FAE04EC0-301F-11D3-BF4B-00C04F79EFBC}") = "Assembly-CSharp", "Assembly-CSharp.csproj", "{57d67273-6670-4b4d-14c9-2b467d7b41c7}"
EndProject
Global
	GlobalSection(SolutionConfigurationPlatforms) = preSolution
		Debug|Any CPU = Debug|Any CPU
	EndGlobalSection
	GlobalSection(ProjectConfigurationPlatforms) = postSolution
		{34c7309d-9168-12fa-7f1a-101d76f1a1d0}.Debug|Any CPU.ActiveCfg = Debug|Any CPU
		{34c7309d-9168-12fa-7f1a-101d76f1a1d0}.Debug|Any CPU.Build.0 = Debug|Any CPU
		{57d67273-6670-4b4d-14c9-2b467d7b41c7}.Debug|Any CPU.ActiveCfg = Debug|Any CPU
		{57d67273-6670-4b4d-14c9-2b467d7b41c7}.Debug|Any CPU.Build.0 = Debug|Any CPU
	EndGlobalSection
	GlobalSection(SolutionProperties) = preSolution
		HideSolutionNode = FALSE
	EndGlobalSection
EndGlobal
